
Microsoft Visual Studio Solution File, Format Version 12.00
# Visual Studio 15
VisualStudioVersion = 15.0.28307.572
MinimumVisualStudioVersion = 10.0.40219.1
Project("{FAE04EC0-301F-11D3-BF4B-00C04F79EFBC}") = "WindowsFormsApp1", "WindowsFormsApp1\WindowsFormsApp1.csproj", "{C8B11F5A-C207-47E5-AADD-A42B4886AEB0}"
EndProject
Global
	GlobalSection(SolutionConfigurationPlatforms) = preSolution
		Debug|Any CPU = Debug|Any CPU
		Release|Any CPU = Release|Any CPU
	EndGlobalSection
	GlobalSection(ProjectConfigurationPlatforms) = postSolution
		{C8B11F5A-C207-47E5-AADD-A42B4886AEB0}.Debug|Any CPU.ActiveCfg = Debug|Any CPU
		{C8B11F5A-C207-47E5-AADD-A42B4886AEB0}.Debug|Any CPU.Build.0 = Debug|Any CPU
		{C8B11F5A-C207-47E5-AADD-A42B4886AEB0}.Release|Any CPU.ActiveCfg = Release|Any CPU
		{C8B11F5A-C207-47E5-AADD-A42B4886AEB0}.Release|Any CPU.Build.0 = Release|Any CPU
	EndGlobalSection
	GlobalSection(SolutionProperties) = preSolution
		HideSolutionNode = FALSE
	EndGlobalSection
	GlobalSection(ExtensibilityGlobals) = postSolution
		SolutionGuid = {F7142A6C-C7B6-4BA3-AE02-7414A9FF59B6}
	EndGlobalSection
EndGlobal
